
Microsoft Visual Studio Solution File, Format Version 12.00
# Visual Studio Version 17
VisualStudioVersion = 17.8.34330.188
MinimumVisualStudioVersion = 10.0.40219.1
Project("{FAE04EC0-301F-11D3-BF4B-00C04F79EFBC}") = "crime", "crime\crime.csproj", "{359CD5A6-B97E-40C4-93B5-B6CA4ABBF470}"
EndProject
Global
	GlobalSection(SolutionConfigurationPlatforms) = preSolution
		Debug|Any CPU = Debug|Any CPU
		Release|Any CPU = Release|Any CPU
	EndGlobalSection
	GlobalSection(ProjectConfigurationPlatforms) = postSolution
		{359CD5A6-B97E-40C4-93B5-B6CA4ABBF470}.Debug|Any CPU.ActiveCfg = Debug|Any CPU
		{359CD5A6-B97E-40C4-93B5-B6CA4ABBF470}.Debug|Any CPU.Build.0 = Debug|Any CPU
		{359CD5A6-B97E-40C4-93B5-B6CA4ABBF470}.Release|Any CPU.ActiveCfg = Release|Any CPU
		{359CD5A6-B97E-40C4-93B5-B6CA4ABBF470}.Release|Any CPU.Build.0 = Release|Any CPU
	EndGlobalSection
	GlobalSection(SolutionProperties) = preSolution
		HideSolutionNode = FALSE
	EndGlobalSection
	GlobalSection(ExtensibilityGlobals) = postSolution
		SolutionGuid = {457B4C74-B04B-4EED-A1A9-82B0CEA2F884}
	EndGlobalSection
EndGlobal
